
Microsoft Visual Studio Solution File, Format Version 12.00
# Visual Studio 14
VisualStudioVersion = 14.0.25420.1
MinimumVisualStudioVersion = 10.0.40219.1
Project("{FAE04EC0-301F-11D3-BF4B-00C04F79EFBC}") = "AppQR.Droid", "AppQR\AppQR.Droid\AppQR.Droid.csproj", "{61BCBD9C-84A0-4F9F-AC29-433D06030B2E}"
EndProject
Project("{FAE04EC0-301F-11D3-BF4B-00C04F79EFBC}") = "AppQR.iOS", "AppQR\AppQR.iOS\AppQR.iOS.csproj", "{E5647145-7C8F-43BF-A508-502FB3113A07}"
EndProject
Project("{FAE04EC0-301F-11D3-BF4B-00C04F79EFBC}") = "AppQR.UWP", "AppQR\AppQR.UWP\AppQR.UWP.csproj", "{90661E7C-A2FA-4D77-8497-34BCFA394C49}"
EndProject
Project("{FAE04EC0-301F-11D3-BF4B-00C04F79EFBC}") = "AppQR", "AppQR\AppQR\AppQR.csproj", "{65289A2C-F8F3-4A1D-BEE2-6921EA5270E1}"
EndProject
Global
	GlobalSection(SolutionConfigurationPlatforms) = preSolution
		Ad-Hoc|Any CPU = Ad-Hoc|Any CPU
		Ad-Hoc|ARM = Ad-Hoc|ARM
		Ad-Hoc|iPhone = Ad-Hoc|iPhone
		Ad-Hoc|iPhoneSimulator = Ad-Hoc|iPhoneSimulator
		Ad-Hoc|x64 = Ad-Hoc|x64
		Ad-Hoc|x86 = Ad-Hoc|x86
		AppStore|Any CPU = AppStore|Any CPU
		AppStore|ARM = AppStore|ARM
		AppStore|iPhone = AppStore|iPhone
		AppStore|iPhoneSimulator = AppStore|iPhoneSimulator
		AppStore|x64 = AppStore|x64
		AppStore|x86 = AppStore|x86
		Debug|Any CPU = Debug|Any CPU
		Debug|ARM = Debug|ARM
		Debug|iPhone = Debug|iPhone
		Debug|iPhoneSimulator = Debug|iPhoneSimulator
		Debug|x64 = Debug|x64
		Debug|x86 = Debug|x86
		Release|Any CPU = Release|Any CPU
		Release|ARM = Release|ARM
		Release|iPhone = Release|iPhone
		Release|iPhoneSimulator = Release|iPhoneSimulator
		Release|x64 = Release|x64
		Release|x86 = Release|x86
	EndGlobalSection
	GlobalSection(ProjectConfigurationPlatforms) = postSolution
		{61BCBD9C-84A0-4F9F-AC29-433D06030B2E}.Ad-Hoc|Any CPU.ActiveCfg = Release|Any CPU
		{61BCBD9C-84A0-4F9F-AC29-433D06030B2E}.Ad-Hoc|Any CPU.Build.0 = Release|Any CPU
		{61BCBD9C-84A0-4F9F-AC29-433D06030B2E}.Ad-Hoc|Any CPU.Deploy.0 = Release|Any CPU
		{61BCBD9C-84A0-4F9F-AC29-433D06030B2E}.Ad-Hoc|ARM.ActiveCfg = Release|Any CPU
		{61BCBD9C-84A0-4F9F-AC29-433D06030B2E}.Ad-Hoc|ARM.Build.0 = Release|Any CPU
		{61BCBD9C-84A0-4F9F-AC29-433D06030B2E}.Ad-Hoc|ARM.Deploy.0 = Release|Any CPU
		{61BCBD9C-84A0-4F9F-AC29-433D06030B2E}.Ad-Hoc|iPhone.ActiveCfg = Release|Any CPU
		{61BCBD9C-84A0-4F9F-AC29-433D06030B2E}.Ad-Hoc|iPhone.Build.0 = Release|Any CPU
		{61BCBD9C-84A0-4F9F-AC29-433D06030B2E}.Ad-Hoc|iPhone.Deploy.0 = Release|Any CPU
		{61BCBD9C-84A0-4F9F-AC29-433D06030B2E}.Ad-Hoc|iPhoneSimulator.ActiveCfg = Release|Any CPU
		{61BCBD9C-84A0-4F9F-AC29-433D06030B2E}.Ad-Hoc|iPhoneSimulator.Build.0 = Release|Any CPU
		{61BCBD9C-84A0-4F9F-AC29-433D06030B2E}.Ad-Hoc|iPhoneSimulator.Deploy.0 = Release|Any CPU
		{61BCBD9C-84A0-4F9F-AC29-433D06030B2E}.Ad-Hoc|x64.ActiveCfg = Release|Any CPU
		{61BCBD9C-84A0-4F9F-AC29-433D06030B2E}.Ad-Hoc|x64.Build.0 = Release|Any CPU
		{61BCBD9C-84A0-4F9F-AC29-433D06030B2E}.Ad-Hoc|x64.Deploy.0 = Release|Any CPU
		{61BCBD9C-84A0-4F9F-AC29-433D06030B2E}.Ad-Hoc|x86.ActiveCfg = Release|Any CPU
		{61BCBD9C-84A0-4F9F-AC29-433D06030B2E}.Ad-Hoc|x86.Build.0 = Release|Any CPU
		{61BCBD9C-84A0-4F9F-AC29-433D06030B2E}.Ad-Hoc|x86.Deploy.0 = Release|Any CPU
		{61BCBD9C-84A0-4F9F-AC29-433D06030B2E}.AppStore|Any CPU.ActiveCfg = Release|Any CPU
		{61BCBD9C-84A0-4F9F-AC29-433D06030B2E}.AppStore|Any CPU.Build.0 = Release|Any CPU
		{61BCBD9C-84A0-4F9F-AC29-433D06030B2E}.AppStore|Any CPU.Deploy.0 = Release|Any CPU
		{61BCBD9C-84A0-4F9F-AC29-433D06030B2E}.AppStore|ARM.ActiveCfg = Release|Any CPU
		{61BCBD9C-84A0-4F9F-AC29-433D06030B2E}.AppStore|ARM.Build.0 = Release|Any CPU
		{61BCBD9C-84A0-4F9F-AC29-433D06030B2E}.AppStore|ARM.Deploy.0 = Release|Any CPU
		{61BCBD9C-84A0-4F9F-AC29-433D06030B2E}.AppStore|iPhone.ActiveCfg = Release|Any CPU
		{61BCBD9C-84A0-4F9F-AC29-433D06030B2E}.AppStore|iPhone.Build.0 = Release|Any CPU
		{61BCBD9C-84A0-4F9F-AC29-433D06030B2E}.AppStore|iPhone.Deploy.0 = Release|Any CPU
		{61BCBD9C-84A0-4F9F-AC29-433D06030B2E}.AppStore|iPhoneSimulator.ActiveCfg = Release|Any CPU
		{61BCBD9C-84A0-4F9F-AC29-433D06030B2E}.AppStore|iPhoneSimulator.Build.0 = Release|Any CPU
		{61BCBD9C-84A0-4F9F-AC29-433D06030B2E}.AppStore|iPhoneSimulator.Deploy.0 = Release|Any CPU
		{61BCBD9C-84A0-4F9F-AC29-433D06030B2E}.AppStore|x64.ActiveCfg = Release|Any CPU
		{61BCBD9C-84A0-4F9F-AC29-433D06030B2E}.AppStore|x64.Build.0 = Release|Any CPU
		{61BCBD9C-84A0-4F9F-AC29-433D06030B2E}.AppStore|x64.Deploy.0 = Release|Any CPU
		{61BCBD9C-84A0-4F9F-AC29-433D06030B2E}.AppStore|x86.ActiveCfg = Release|Any CPU
		{61BCBD9C-84A0-4F9F-AC29-433D06030B2E}.AppStore|x86.Build.0 = Release|Any CPU
		{61BCBD9C-84A0-4F9F-AC29-433D06030B2E}.AppStore|x86.Deploy.0 = Release|Any CPU
		{61BCBD9C-84A0-4F9F-AC29-433D06030B2E}.Debug|Any CPU.ActiveCfg = Debug|Any CPU
		{61BCBD9C-84A0-4F9F-AC29-433D06030B2E}.Debug|Any CPU.Build.0 = Debug|Any CPU
		{61BCBD9C-84A0-4F9F-AC29-433D06030B2E}.Debug|Any CPU.Deploy.0 = Debug|Any CPU
		{61BCBD9C-84A0-4F9F-AC29-433D06030B2E}.Debug|ARM.ActiveCfg = Debug|Any CPU
		{61BCBD9C-84A0-4F9F-AC29-433D06030B2E}.Debug|ARM.Build.0 = Debug|Any CPU
		{61BCBD9C-84A0-4F9F-AC29-433D06030B2E}.Debug|ARM.Deploy.0 = Debug|Any CPU
		{61BCBD9C-84A0-4F9F-AC29-433D06030B2E}.Debug|iPhone.ActiveCfg = Debug|Any CPU
		{61BCBD9C-84A0-4F9F-AC29-433D06030B2E}.Debug|iPhone.Build.0 = Debug|Any CPU
		{61BCBD9C-84A0-4F9F-AC29-433D06030B2E}.Debug|iPhone.Deploy.0 = Debug|Any CPU
		{61BCBD9C-84A0-4F9F-AC29-433D06030B2E}.Debug|iPhoneSimulator.ActiveCfg = Debug|Any CPU
		{61BCBD9C-84A0-4F9F-AC29-433D06030B2E}.Debug|iPhoneSimulator.Build.0 = Debug|Any CPU
		{61BCBD9C-84A0-4F9F-AC29-433D06030B2E}.Debug|iPhoneSimulator.Deploy.0 = Debug|Any CPU
		{61BCBD9C-84A0-4F9F-AC29-433D06030B2E}.Debug|x64.ActiveCfg = Debug|Any CPU
		{61BCBD9C-84A0-4F9F-AC29-433D06030B2E}.Debug|x64.Build.0 = Debug|Any CPU
		{61BCBD9C-84A0-4F9F-AC29-433D06030B2E}.Debug|x64.Deploy.0 = Debug|Any CPU
		{61BCBD9C-84A0-4F9F-AC29-433D06030B2E}.Debug|x86.ActiveCfg = Debug|Any CPU
		{61BCBD9C-84A0-4F9F-AC29-433D06030B2E}.Debug|x86.Build.0 = Debug|Any CPU
		{61BCBD9C-84A0-4F9F-AC29-433D06030B2E}.Debug|x86.Deploy.0 = Debug|Any CPU
		{61BCBD9C-84A0-4F9F-AC29-433D06030B2E}.Release|Any CPU.ActiveCfg = Release|Any CPU
		{61BCBD9C-84A0-4F9F-AC29-433D06030B2E}.Release|Any CPU.Build.0 = Release|Any CPU
		{61BCBD9C-84A0-4F9F-AC29-433D06030B2E}.Release|Any CPU.Deploy.0 = Release|Any CPU
		{61BCBD9C-84A0-4F9F-AC29-433D06030B2E}.Release|ARM.ActiveCfg = Release|Any CPU
		{61BCBD9C-84A0-4F9F-AC29-433D06030B2E}.Release|ARM.Build.0 = Release|Any CPU
		{61BCBD9C-84A0-4F9F-AC29-433D06030B2E}.Release|ARM.Deploy.0 = Release|Any CPU
		{61BCBD9C-84A0-4F9F-AC29-433D06030B2E}.Release|iPhone.ActiveCfg = Release|Any CPU
		{61BCBD9C-84A0-4F9F-AC29-433D06030B2E}.Release|iPhone.Build.0 = Release|Any CPU
		{61BCBD9C-84A0-4F9F-AC29-433D06030B2E}.Release|iPhone.Deploy.0 = Release|Any CPU
		{61BCBD9C-84A0-4F9F-AC29-433D06030B2E}.Release|iPhoneSimulator.ActiveCfg = Release|Any CPU
		{61BCBD9C-84A0-4F9F-AC29-433D06030B2E}.Release|iPhoneSimulator.Build.0 = Release|Any CPU
		{61BCBD9C-84A0-4F9F-AC29-433D06030B2E}.Release|iPhoneSimulator.Deploy.0 = Release|Any CPU
		{61BCBD9C-84A0-4F9F-AC29-433D06030B2E}.Release|x64.ActiveCfg = Release|Any CPU
		{61BCBD9C-84A0-4F9F-AC29-433D06030B2E}.Release|x64.Build.0 = Release|Any CPU
		{61BCBD9C-84A0-4F9F-AC29-433D06030B2E}.Release|x64.Deploy.0 = Release|Any CPU
		{61BCBD9C-84A0-4F9F-AC29-433D06030B2E}.Release|x86.ActiveCfg = Release|Any CPU
		{61BCBD9C-84A0-4F9F-AC29-433D06030B2E}.Release|x86.Build.0 = Release|Any CPU
		{61BCBD9C-84A0-4F9F-AC29-433D06030B2E}.Release|x86.Deploy.0 = Release|Any CPU
		{E5647145-7C8F-43BF-A508-502FB3113A07}.Ad-Hoc|Any CPU.ActiveCfg = Ad-Hoc|iPhone
		{E5647145-7C8F-43BF-A508-502FB3113A07}.Ad-Hoc|ARM.ActiveCfg = Ad-Hoc|iPhone
		{E5647145-7C8F-43BF-A508-502FB3113A07}.Ad-Hoc|iPhone.ActiveCfg = Ad-Hoc|iPhone
		{E5647145-7C8F-43BF-A508-502FB3113A07}.Ad-Hoc|iPhone.Build.0 = Ad-Hoc|iPhone
		{E5647145-7C8F-43BF-A508-502FB3113A07}.Ad-Hoc|iPhoneSimulator.ActiveCfg = Ad-Hoc|iPhoneSimulator
		{E5647145-7C8F-43BF-A508-502FB3113A07}.Ad-Hoc|iPhoneSimulator.Build.0 = Ad-Hoc|iPhoneSimulator
		{E5647145-7C8F-43BF-A508-502FB3113A07}.Ad-Hoc|x64.ActiveCfg = Ad-Hoc|iPhone
		{E5647145-7C8F-43BF-A508-502FB3113A07}.Ad-Hoc|x86.ActiveCfg = Ad-Hoc|iPhone
		{E5647145-7C8F-43BF-A508-502FB3113A07}.AppStore|Any CPU.ActiveCfg = AppStore|iPhone
		{E5647145-7C8F-43BF-A508-502FB3113A07}.AppStore|ARM.ActiveCfg = AppStore|iPhone
		{E5647145-7C8F-43BF-A508-502FB3113A07}.AppStore|iPhone.ActiveCfg = AppStore|iPhone
		{E5647145-7C8F-43BF-A508-502FB3113A07}.AppStore|iPhone.Build.0 = AppStore|iPhone
		{E5647145-7C8F-43BF-A508-502FB3113A07}.AppStore|iPhoneSimulator.ActiveCfg = AppStore|iPhoneSimulator
		{E5647145-7C8F-43BF-A508-502FB3113A07}.AppStore|iPhoneSimulator.Build.0 = AppStore|iPhoneSimulator
		{E5647145-7C8F-43BF-A508-502FB3113A07}.AppStore|x64.ActiveCfg = AppStore|iPhone
		{E5647145-7C8F-43BF-A508-502FB3113A07}.AppStore|x86.ActiveCfg = AppStore|iPhone
		{E5647145-7C8F-43BF-A508-502FB3113A07}.Debug|Any CPU.ActiveCfg = Debug|iPhone
		{E5647145-7C8F-43BF-A508-502FB3113A07}.Debug|ARM.ActiveCfg = Debug|iPhone
		{E5647145-7C8F-43BF-A508-502FB3113A07}.Debug|iPhone.ActiveCfg = Debug|iPhone
		{E5647145-7C8F-43BF-A508-502FB3113A07}.Debug|iPhone.Build.0 = Debug|iPhone
		{E5647145-7C8F-43BF-A508-502FB3113A07}.Debug|iPhoneSimulator.ActiveCfg = Debug|iPhoneSimulator
		{E5647145-7C8F-43BF-A508-502FB3113A07}.Debug|iPhoneSimulator.Build.0 = Debug|iPhoneSimulator
		{E5647145-7C8F-43BF-A508-502FB3113A07}.Debug|x64.ActiveCfg = Debug|iPhone
		{E5647145-7C8F-43BF-A508-502FB3113A07}.Debug|x86.ActiveCfg = Debug|iPhone
		{E5647145-7C8F-43BF-A508-502FB3113A07}.Release|Any CPU.ActiveCfg = Release|iPhone
		{E5647145-7C8F-43BF-A508-502FB3113A07}.Release|ARM.ActiveCfg = Release|iPhone
		{E5647145-7C8F-43BF-A508-502FB3113A07}.Release|iPhone.ActiveCfg = Release|iPhone
		{E5647145-7C8F-43BF-A508-502FB3113A07}.Release|iPhone.Build.0 = Release|iPhone
		{E5647145-7C8F-43BF-A508-502FB3113A07}.Release|iPhoneSimulator.ActiveCfg = Release|iPhoneSimulator
		{E5647145-7C8F-43BF-A508-502FB3113A07}.Release|iPhoneSimulator.Build.0 = Release|iPhoneSimulator
		{E5647145-7C8F-43BF-A508-502FB3113A07}.Release|x64.ActiveCfg = Release|iPhone
		{E5647145-7C8F-43BF-A508-502FB3113A07}.Release|x86.ActiveCfg = Release|iPhone
		{90661E7C-A2FA-4D77-8497-34BCFA394C49}.Ad-Hoc|Any CPU.ActiveCfg = Release|x86
		{90661E7C-A2FA-4D77-8497-34BCFA394C49}.Ad-Hoc|Any CPU.Build.0 = Release|x86
		{90661E7C-A2FA-4D77-8497-34BCFA394C49}.Ad-Hoc|Any CPU.Deploy.0 = Release|x86
		{90661E7C-A2FA-4D77-8497-34BCFA394C49}.Ad-Hoc|ARM.ActiveCfg = Release|ARM
		{90661E7C-A2FA-4D77-8497-34BCFA394C49}.Ad-Hoc|ARM.Build.0 = Release|ARM
		{90661E7C-A2FA-4D77-8497-34BCFA394C49}.Ad-Hoc|ARM.Deploy.0 = Release|ARM
		{90661E7C-A2FA-4D77-8497-34BCFA394C49}.Ad-Hoc|iPhone.ActiveCfg = Release|x86
		{90661E7C-A2FA-4D77-8497-34BCFA394C49}.Ad-Hoc|iPhone.Build.0 = Release|x86
		{90661E7C-A2FA-4D77-8497-34BCFA394C49}.Ad-Hoc|iPhone.Deploy.0 = Release|x86
		{90661E7C-A2FA-4D77-8497-34BCFA394C49}.Ad-Hoc|iPhoneSimulator.ActiveCfg = Release|x86
		{90661E7C-A2FA-4D77-8497-34BCFA394C49}.Ad-Hoc|iPhoneSimulator.Build.0 = Release|x86
		{90661E7C-A2FA-4D77-8497-34BCFA394C49}.Ad-Hoc|iPhoneSimulator.Deploy.0 = Release|x86
		{90661E7C-A2FA-4D77-8497-34BCFA394C49}.Ad-Hoc|x64.ActiveCfg = Release|x64
		{90661E7C-A2FA-4D77-8497-34BCFA394C49}.Ad-Hoc|x64.Build.0 = Release|x64
		{90661E7C-A2FA-4D77-8497-34BCFA394C49}.Ad-Hoc|x64.Deploy.0 = Release|x64
		{90661E7C-A2FA-4D77-8497-34BCFA394C49}.Ad-Hoc|x86.ActiveCfg = Release|x86
		{90661E7C-A2FA-4D77-8497-34BCFA394C49}.Ad-Hoc|x86.Build.0 = Release|x86
		{90661E7C-A2FA-4D77-8497-34BCFA394C49}.Ad-Hoc|x86.Deploy.0 = Release|x86
		{90661E7C-A2FA-4D77-8497-34BCFA394C49}.AppStore|Any CPU.ActiveCfg = Release|x86
		{90661E7C-A2FA-4D77-8497-34BCFA394C49}.AppStore|Any CPU.Build.0 = Release|x86
		{90661E7C-A2FA-4D77-8497-34BCFA394C49}.AppStore|Any CPU.Deploy.0 = Release|x86
		{90661E7C-A2FA-4D77-8497-34BCFA394C49}.AppStore|ARM.ActiveCfg = Release|ARM
		{90661E7C-A2FA-4D77-8497-34BCFA394C49}.AppStore|ARM.Build.0 = Release|ARM
		{90661E7C-A2FA-4D77-8497-34BCFA394C49}.AppStore|ARM.Deploy.0 = Release|ARM
		{90661E7C-A2FA-4D77-8497-34BCFA394C49}.AppStore|iPhone.ActiveCfg = Release|x86
		{90661E7C-A2FA-4D77-8497-34BCFA394C49}.AppStore|iPhone.Build.0 = Release|x86
		{90661E7C-A2FA-4D77-8497-34BCFA394C49}.AppStore|iPhone.Deploy.0 = Release|x86
		{90661E7C-A2FA-4D77-8497-34BCFA394C49}.AppStore|iPhoneSimulator.ActiveCfg = Release|x86
		{90661E7C-A2FA-4D77-8497-34BCFA394C49}.AppStore|iPhoneSimulator.Build.0 = Release|x86
		{90661E7C-A2FA-4D77-8497-34BCFA394C49}.AppStore|iPhoneSimulator.Deploy.0 = Release|x86
		{90661E7C-A2FA-4D77-8497-34BCFA394C49}.AppStore|x64.ActiveCfg = Release|x64
		{90661E7C-A2FA-4D77-8497-34BCFA394C49}.AppStore|x64.Build.0 = Release|x64
		{90661E7C-A2FA-4D77-8497-34BCFA394C49}.AppStore|x64.Deploy.0 = Release|x64
		{90661E7C-A2FA-4D77-8497-34BCFA394C49}.AppStore|x86.ActiveCfg = Release|x86
		{90661E7C-A2FA-4D77-8497-34BCFA394C49}.AppStore|x86.Build.0 = Release|x86
		{90661E7C-A2FA-4D77-8497-34BCFA394C49}.AppStore|x86.Deploy.0 = Release|x86
		{90661E7C-A2FA-4D77-8497-34BCFA394C49}.Debug|Any CPU.ActiveCfg = Debug|x86
		{90661E7C-A2FA-4D77-8497-34BCFA394C49}.Debug|ARM.ActiveCfg = Debug|ARM
		{90661E7C-A2FA-4D77-8497-34BCFA394C49}.Debug|ARM.Build.0 = Debug|ARM
		{90661E7C-A2FA-4D77-8497-34BCFA394C49}.Debug|ARM.Deploy.0 = Debug|ARM
		{90661E7C-A2FA-4D77-8497-34BCFA394C49}.Debug|iPhone.ActiveCfg = Debug|x86
		{90661E7C-A2FA-4D77-8497-34BCFA394C49}.Debug|iPhoneSimulator.ActiveCfg = Debug|x86
		{90661E7C-A2FA-4D77-8497-34BCFA394C49}.Debug|x64.ActiveCfg = Debug|x64
		{90661E7C-A2FA-4D77-8497-34BCFA394C49}.Debug|x64.Build.0 = Debug|x64
		{90661E7C-A2FA-4D77-8497-34BCFA394C49}.Debug|x64.Deploy.0 = Debug|x64
		{90661E7C-A2FA-4D77-8497-34BCFA394C49}.Debug|x86.ActiveCfg = Debug|x86
		{90661E7C-A2FA-4D77-8497-34BCFA394C49}.Debug|x86.Build.0 = Debug|x86
		{90661E7C-A2FA-4D77-8497-34BCFA394C49}.Debug|x86.Deploy.0 = Debug|x86
		{90661E7C-A2FA-4D77-8497-34BCFA394C49}.Release|Any CPU.ActiveCfg = Release|x86
		{90661E7C-A2FA-4D77-8497-34BCFA394C49}.Release|ARM.ActiveCfg = Release|ARM
		{90661E7C-A2FA-4D77-8497-34BCFA394C49}.Release|ARM.Build.0 = Release|ARM
		{90661E7C-A2FA-4D77-8497-34BCFA394C49}.Release|ARM.Deploy.0 = Release|ARM
		{90661E7C-A2FA-4D77-8497-34BCFA394C49}.Release|iPhone.ActiveCfg = Release|x86
		{90661E7C-A2FA-4D77-8497-34BCFA394C49}.Release|iPhoneSimulator.ActiveCfg = Release|x86
		{90661E7C-A2FA-4D77-8497-34BCFA394C49}.Release|x64.ActiveCfg = Release|x64
		{90661E7C-A2FA-4D77-8497-34BCFA394C49}.Release|x64.Build.0 = Release|x64
		{90661E7C-A2FA-4D77-8497-34BCFA394C49}.Release|x64.Deploy.0 = Release|x64
		{90661E7C-A2FA-4D77-8497-34BCFA394C49}.Release|x86.ActiveCfg = Release|x86
		{90661E7C-A2FA-4D77-8497-34BCFA394C49}.Release|x86.Build.0 = Release|x86
		{90661E7C-A2FA-4D77-8497-34BCFA394C49}.Release|x86.Deploy.0 = Release|x86
		{65289A2C-F8F3-4A1D-BEE2-6921EA5270E1}.Ad-Hoc|Any CPU.ActiveCfg = Release|Any CPU
		{65289A2C-F8F3-4A1D-BEE2-6921EA5270E1}.Ad-Hoc|Any CPU.Build.0 = Release|Any CPU
		{65289A2C-F8F3-4A1D-BEE2-6921EA5270E1}.Ad-Hoc|ARM.ActiveCfg = Release|Any CPU
		{65289A2C-F8F3-4A1D-BEE2-6921EA5270E1}.Ad-Hoc|ARM.Build.0 = Release|Any CPU
		{65289A2C-F8F3-4A1D-BEE2-6921EA5270E1}.Ad-Hoc|iPhone.ActiveCfg = Release|Any CPU
		{65289A2C-F8F3-4A1D-BEE2-6921EA5270E1}.Ad-Hoc|iPhone.Build.0 = Release|Any CPU
		{65289A2C-F8F3-4A1D-BEE2-6921EA5270E1}.Ad-Hoc|iPhoneSimulator.ActiveCfg = Release|Any CPU
		{65289A2C-F8F3-4A1D-BEE2-6921EA5270E1}.Ad-Hoc|iPhoneSimulator.Build.0 = Release|Any CPU
		{65289A2C-F8F3-4A1D-BEE2-6921EA5270E1}.Ad-Hoc|x64.ActiveCfg = Release|Any CPU
		{65289A2C-F8F3-4A1D-BEE2-6921EA5270E1}.Ad-Hoc|x64.Build.0 = Release|Any CPU
		{65289A2C-F8F3-4A1D-BEE2-6921EA5270E1}.Ad-Hoc|x86.ActiveCfg = Release|Any CPU
		{65289A2C-F8F3-4A1D-BEE2-6921EA5270E1}.Ad-Hoc|x86.Build.0 = Release|Any CPU
		{65289A2C-F8F3-4A1D-BEE2-6921EA5270E1}.AppStore|Any CPU.ActiveCfg = Release|Any CPU
		{65289A2C-F8F3-4A1D-BEE2-6921EA5270E1}.AppStore|Any CPU.Build.0 = Release|Any CPU
		{65289A2C-F8F3-4A1D-BEE2-6921EA5270E1}.AppStore|ARM.ActiveCfg = Release|Any CPU
		{65289A2C-F8F3-4A1D-BEE2-6921EA5270E1}.AppStore|ARM.Build.0 = Release|Any CPU
		{65289A2C-F8F3-4A1D-BEE2-6921EA5270E1}.AppStore|iPhone.ActiveCfg = Release|Any CPU
		{65289A2C-F8F3-4A1D-BEE2-6921EA5270E1}.AppStore|iPhone.Build.0 = Release|Any CPU
		{65289A2C-F8F3-4A1D-BEE2-6921EA5270E1}.AppStore|iPhoneSimulator.ActiveCfg = Release|Any CPU
		{65289A2C-F8F3-4A1D-BEE2-6921EA5270E1}.AppStore|iPhoneSimulator.Build.0 = Release|Any CPU
		{65289A2C-F8F3-4A1D-BEE2-6921EA5270E1}.AppStore|x64.ActiveCfg = Release|Any CPU
		{65289A2C-F8F3-4A1D-BEE2-6921EA5270E1}.AppStore|x64.Build.0 = Release|Any CPU
		{65289A2C-F8F3-4A1D-BEE2-6921EA5270E1}.AppStore|x86.ActiveCfg = Release|Any CPU
		{65289A2C-F8F3-4A1D-BEE2-6921EA5270E1}.AppStore|x86.Build.0 = Release|Any CPU
		{65289A2C-F8F3-4A1D-BEE2-6921EA5270E1}.Debug|Any CPU.ActiveCfg = Debug|Any CPU
		{65289A2C-F8F3-4A1D-BEE2-6921EA5270E1}.Debug|Any CPU.Build.0 = Debug|Any CPU
		{65289A2C-F8F3-4A1D-BEE2-6921EA5270E1}.Debug|ARM.ActiveCfg = Debug|Any CPU
		{65289A2C-F8F3-4A1D-BEE2-6921EA5270E1}.Debug|ARM.Build.0 = Debug|Any CPU
		{65289A2C-F8F3-4A1D-BEE2-6921EA5270E1}.Debug|iPhone.ActiveCfg = Debug|Any CPU
		{65289A2C-F8F3-4A1D-BEE2-6921EA5270E1}.Debug|iPhone.Build.0 = Debug|Any CPU
		{65289A2C-F8F3-4A1D-BEE2-6921EA5270E1}.Debug|iPhoneSimulator.ActiveCfg = Debug|Any CPU
		{65289A2C-F8F3-4A1D-BEE2-6921EA5270E1}.Debug|iPhoneSimulator.Build.0 = Debug|Any CPU
		{65289A2C-F8F3-4A1D-BEE2-6921EA5270E1}.Debug|x64.ActiveCfg = Debug|Any CPU
		{65289A2C-F8F3-4A1D-BEE2-6921EA5270E1}.Debug|x64.Build.0 = Debug|Any CPU
		{65289A2C-F8F3-4A1D-BEE2-6921EA5270E1}.Debug|x86.ActiveCfg = Debug|Any CPU
		{65289A2C-F8F3-4A1D-BEE2-6921EA5270E1}.Debug|x86.Build.0 = Debug|Any CPU
		{65289A2C-F8F3-4A1D-BEE2-6921EA5270E1}.Release|Any CPU.ActiveCfg = Release|Any CPU
		{65289A2C-F8F3-4A1D-BEE2-6921EA5270E1}.Release|Any CPU.Build.0 = Release|Any CPU
		{65289A2C-F8F3-4A1D-BEE2-6921EA5270E1}.Release|ARM.ActiveCfg = Release|Any CPU
		{65289A2C-F8F3-4A1D-BEE2-6921EA5270E1}.Release|ARM.Build.0 = Release|Any CPU
		{65289A2C-F8F3-4A1D-BEE2-6921EA5270E1}.Release|iPhone.ActiveCfg = Release|Any CPU
		{65289A2C-F8F3-4A1D-BEE2-6921EA5270E1}.Release|iPhone.Build.0 = Release|Any CPU
		{65289A2C-F8F3-4A1D-BEE2-6921EA5270E1}.Release|iPhoneSimulator.ActiveCfg = Release|Any CPU
		{65289A2C-F8F3-4A1D-BEE2-6921EA5270E1}.Release|iPhoneSimulator.Build.0 = Release|Any CPU
		{65289A2C-F8F3-4A1D-BEE2-6921EA5270E1}.Release|x64.ActiveCfg = Release|Any CPU
		{65289A2C-F8F3-4A1D-BEE2-6921EA5270E1}.Release|x64.Build.0 = Release|Any CPU
		{65289A2C-F8F3-4A1D-BEE2-6921EA5270E1}.Release|x86.ActiveCfg = Release|Any CPU
		{65289A2C-F8F3-4A1D-BEE2-6921EA5270E1}.Release|x86.Build.0 = Release|Any CPU
	EndGlobalSection
	GlobalSection(SolutionProperties) = preSolution
		HideSolutionNode = FALSE
	EndGlobalSection
EndGlobal
